{
  "name": "tsc-jsdoc-crash",
  "version": "1.0.0",
  "lockfileVersion": 1,
  "requires": true,
  "dependencies": {
    "typescript": {
      "version": "3.3.0-dev.20190124",
      "resolved": "https://registry.npmjs.org/typescript/-/typescript-3.3.0-dev.20190124.tgz",
      "integrity": "sha512-wmplg+889JQlLgVfCfL2eyGF6T2aHZ6F+8Xt6idd5Kl/oI6q0oTuMVM0RI1Wc+dtqS/f5kfH1VQKGvDAIL8OJw==",
      "dev": true
    }
  }
}
